
Microsoft Visual Studio Solution File, Format Version 12.00
# Visual Studio Version 16
VisualStudioVersion = 16.0.31321.278
MinimumVisualStudioVersion = 10.0.40219.1
Project("{FAE04EC0-301F-11D3-BF4B-00C04F79EFBC}") = "HangMan", "HangMan.csproj", "{2F14E1A6-1689-4A75-BC59-C10083849E1F}"
EndProject
Global
	GlobalSection(SolutionConfigurationPlatforms) = preSolution
		Debug|Any CPU = Debug|Any CPU
		Release|Any CPU = Release|Any CPU
	EndGlobalSection
	GlobalSection(ProjectConfigurationPlatforms) = postSolution
		{2F14E1A6-1689-4A75-BC59-C10083849E1F}.Debug|Any CPU.ActiveCfg = Debug|Any CPU
		{2F14E1A6-1689-4A75-BC59-C10083849E1F}.Debug|Any CPU.Build.0 = Debug|Any CPU
		{2F14E1A6-1689-4A75-BC59-C10083849E1F}.Release|Any CPU.ActiveCfg = Release|Any CPU
		{2F14E1A6-1689-4A75-BC59-C10083849E1F}.Release|Any CPU.Build.0 = Release|Any CPU
	EndGlobalSection
	GlobalSection(SolutionProperties) = preSolution
		HideSolutionNode = FALSE
	EndGlobalSection
	GlobalSection(ExtensibilityGlobals) = postSolution
		SolutionGuid = {046A8283-8C87-45C2-A3EF-40FCFDCF7B9B}
	EndGlobalSection
EndGlobal
